
Microsoft Visual Studio Solution File, Format Version 12.00
# Visual Studio 14
VisualStudioVersion = 14.0.24720.0
MinimumVisualStudioVersion = 10.0.40219.1
Project("{8BC9CEB8-8B4A-11D0-8D11-00A0C91BC942}") = "taga_bipedal_1991_c", "taga_bipedal_1991_c\taga_bipedal_1991_c.vcxproj", "{ED984A9C-DEDD-4F32-9F7C-C50B5B1F9F83}"
EndProject
Global
	GlobalSection(SolutionConfigurationPlatforms) = preSolution
		Debug|x64 = Debug|x64
		Debug|x86 = Debug|x86
		Release|x64 = Release|x64
		Release|x86 = Release|x86
	EndGlobalSection
	GlobalSection(ProjectConfigurationPlatforms) = postSolution
		{ED984A9C-DEDD-4F32-9F7C-C50B5B1F9F83}.Debug|x64.ActiveCfg = Debug|x64
		{ED984A9C-DEDD-4F32-9F7C-C50B5B1F9F83}.Debug|x64.Build.0 = Debug|x64
		{ED984A9C-DEDD-4F32-9F7C-C50B5B1F9F83}.Debug|x86.ActiveCfg = Debug|Win32
		{ED984A9C-DEDD-4F32-9F7C-C50B5B1F9F83}.Debug|x86.Build.0 = Debug|Win32
		{ED984A9C-DEDD-4F32-9F7C-C50B5B1F9F83}.Release|x64.ActiveCfg = Release|x64
		{ED984A9C-DEDD-4F32-9F7C-C50B5B1F9F83}.Release|x64.Build.0 = Release|x64
		{ED984A9C-DEDD-4F32-9F7C-C50B5B1F9F83}.Release|x86.ActiveCfg = Release|Win32
		{ED984A9C-DEDD-4F32-9F7C-C50B5B1F9F83}.Release|x86.Build.0 = Release|Win32
	EndGlobalSection
	GlobalSection(SolutionProperties) = preSolution
		HideSolutionNode = FALSE
	EndGlobalSection
EndGlobal
